# This file was autogenerated by Stack.
# You should not edit this file by hand.
# For more information, please see the documentation at:
#   https://docs.haskellstack.org/en/stable/lock_files

packages:
- completed:
    size: 3827
    subdir: durc-api
    url: https://github.com/hkailahi/durc/archive/fe99806f4ea3850e4308eb6b15bf81adee838f50.tar.gz
    cabal-file:
      size: 1648
      sha256: bf1ecc1c3757e3d42aaeaecde4e412edaa87214115c399ebe3f9d290ba3c8ec9
    name: durc-api
    version: 0.1.0.0
    sha256: 24d8c3438cee6f73e16bdfe33e854d990c13104b9fa7ff3a5bea37d849bd5bf0
    pantry-tree:
      size: 416
      sha256: d0bda3ee794faf669bed6eb33d44c0ed380dbd23810f2bc575d345365a975fd9
  original:
    subdir: durc-api
    url: https://github.com/hkailahi/durc/archive/fe99806f4ea3850e4308eb6b15bf81adee838f50.tar.gz
- completed:
    size: 3827
    subdir: durc-handler
    url: https://github.com/hkailahi/durc/archive/fe99806f4ea3850e4308eb6b15bf81adee838f50.tar.gz
    cabal-file:
      size: 1673
      sha256: 06de7fb83fd746418db99fec5d4f148046963f992973012e51d53b04b7a0b2d2
    name: durc-handler
    version: 0.1.0.0
    sha256: 24d8c3438cee6f73e16bdfe33e854d990c13104b9fa7ff3a5bea37d849bd5bf0
    pantry-tree:
      size: 420
      sha256: 9ea41fc99eef3ded9c2ecf9ecd8ab0966e8c856ed786c93c7b8035a7a5d5be38
  original:
    subdir: durc-handler
    url: https://github.com/hkailahi/durc/archive/fe99806f4ea3850e4308eb6b15bf81adee838f50.tar.gz
snapshots:
- completed:
    size: 524154
    url: https://raw.githubusercontent.com/commercialhaskell/stackage-snapshots/master/lts/14/20.yaml
    sha256: 2f5099f69ddb6abfe64400fe1e6a604e8e628f55e6837211cd70a81eb0a8fa4d
  original: lts-14.20
